// !$*UTF8*$!
{
	archiveVersion = 1;
	classes = {
	};
	objectVersion = 50;
	objects = {

/* Begin PBXBuildFile section */
		FB133F1F23FB49AB00CB7B77 /* AppDelegate.swift in Sources */ = {isa = PBXBuildFile; fileRef = FB133F1E23FB49AB00CB7B77 /* AppDelegate.swift */; };
		FB133F2123FB49AB00CB7B77 /* SceneDelegate.swift in Sources */ = {isa = PBXBuildFile; fileRef = FB133F2023FB49AB00CB7B77 /* SceneDelegate.swift */; };
		FB133F2323FB49AB00CB7B77 /* ViewController.swift in Sources */ = {isa = PBXBuildFile; fileRef = FB133F2223FB49AB00CB7B77 /* ViewController.swift */; };
		FB133F2623FB49AB00CB7B77 /* Main.storyboard in Resources */ = {isa = PBXBuildFile; fileRef = FB133F2423FB49AB00CB7B77 /* Main.storyboard */; };
		FB133F2823FB49AC00CB7B77 /* Assets.xcassets in Resources */ = {isa = PBXBuildFile; fileRef = FB133F2723FB49AC00CB7B77 /* Assets.xcassets */; };
		FB133F2B23FB49AC00CB7B77 /* LaunchScreen.storyboard in Resources */ = {isa = PBXBuildFile; fileRef = FB133F2923FB49AC00CB7B77 /* LaunchScreen.storyboard */; };
/* End PBXBuildFile section */

/* Begin PBXFileReference section */
		FB133F1B23FB49AB00CB7B77 /* AnimationClass.app */ = {isa = PBXFileReference; explicitFileType = wrapper.application; includeInIndex = 0; path = AnimationClass.app; sourceTree = BUILT_PRODUCTS_DIR; };
		FB133F1E23FB49AB00CB7B77 /* AppDelegate.swift */ = {isa = PBXFileReference; lastKnownFileType = sourcecode.swift; path = AppDelegate.swift; sourceTree = "<group>"; };
		FB133F2023FB49AB00CB7B77 /* SceneDelegate.swift */ = {isa = PBXFileReference; lastKnownFileType = sourcecode.swift; path = SceneDelegate.swift; sourceTree = "<group>"; };
		FB133F2223FB49AB00CB7B77 /* ViewController.swift */ = {isa = PBXFileReference; lastKnownFileType = sourcecode.swift; path = ViewController.swift; sourceTree = "<group>"; };
		FB133F2523FB49AB00CB7B77 /* Base */ = {isa = PBXFileReference; lastKnownFileType = file.storyboard; name = Base; path = Base.lproj/Main.storyboard; sourceTree = "<group>"; };
		FB133F2723FB49AC00CB7B77 /* Assets.xcassets */ = {isa = PBXFileReference; lastKnownFileType = folder.assetcatalog; path = Assets.xcassets; sourceTree = "<group>"; };
		FB133F2A23FB49AC00CB7B77 /* Base */ = {isa = PBXFileReference; lastKnownFileType = file.storyboard; name = Base; path = Base.lproj/LaunchScreen.storyboard; sourceTree = "<group>"; };
		FB133F2C23FB49AC00CB7B77 /* Info.plist */ = {isa = PBXFileReference; lastKnownFileType = text.plist.xml; path = Info.plist; sourceTree = "<group>"; };
/* End PBXFileReference section */

/* Begin PBXFrameworksBuildPhase section */
		FB133F1823FB49AB00CB7B77 /* Frameworks */ = {
			isa = PBXFrameworksBuildPhase;
			buildActionMask = 2147483647;
			files = (
			);
			runOnlyForDeploymentPostprocessing = 0;
		};
/* End PBXFrameworksBuildPhase section */

/* Begin PBXGroup section */
		FB133F1223FB49AB00CB7B77 = {
			isa = PBXGroup;
			children = (
				FB133F1D23FB49AB00CB7B77 /* AnimationClass */,
				FB133F1C23FB49AB00CB7B77 /* Products */,
			);
			sourceTree = "<group>";
		};
		FB133F1C23FB49AB00CB7B77 /* Products */ = {
			isa = PBXGroup;
			children = (
				FB133F1B23FB49AB00CB7B77 /* AnimationClass.app */,
			);
			name = Products;
			sourceTree = "<group>";
		};
		FB133F1D23FB49AB00CB7B77 /* AnimationClass */ = {
			isa = PBXGroup;
			children = (
				FB133F1E23FB49AB00CB7B77 /* AppDelegate.swift */,
				FB133F2023FB49AB00CB7B77 /* SceneDelegate.swift */,
				FB133F2223FB49AB00CB7B77 /* ViewController.swift */,
				FB133F2423FB49AB00CB7B77 /* Main.storyboard */,
				FB133F2723FB49AC00CB7B77 /* Assets.xcassets */,
				FB133F2923FB49AC00CB7B77 /* LaunchScreen.storyboard */,
				FB133F2C23FB49AC00CB7B77 /* Info.plist */,
			);
			path = AnimationClass;
			sourceTree = "<group>";
		};
/* End PBXGroup section */

/* Begin PBXNativeTarget section */
		FB133F1A23FB49AB00CB7B77 /* AnimationClass */ = {
			isa = PBXNativeTarget;
			buildConfigurationList = FB133F2F23FB49AC00CB7B77 /* Build configuration list for PBXNativeTarget "AnimationClass" */;
			buildPhases = (
				FB133F1723FB49AB00CB7B77 /* Sources */,
				FB133F1823FB49AB00CB7B77 /* Frameworks */,
				FB133F1923FB49AB00CB7B77 /* Resources */,
			);
			buildRules = (
			);
			dependencies = (
			);
			name = AnimationClass;
			productName = AnimationClass;
			productReference = FB133F1B23FB49AB00CB7B77 /* AnimationClass.app */;
			productType = "com.apple.product-type.application";
		};
/* End PBXNativeTarget section */

/* Begin PBXProject section */
		FB133F1323FB49AB00CB7B77 /* Project object */ = {
			isa = PBXProject;
			attributes = {
				LastSwiftUpdateCheck = 1130;
				LastUpgradeCheck = 1130;
				ORGANIZATIONNAME = "Patricion Saldivar";
				TargetAttributes = {
					FB133F1A23FB49AB00CB7B77 = {
						CreatedOnToolsVersion = 11.3.1;
					};
				};
			};
			buildConfigurationList = FB133F1623FB49AB00CB7B77 /* Build configuration list for PBXProject "AnimationClass" */;
			compatibilityVersion = "Xcode 9.3";
			developmentRegion = en;
			hasScannedForEncodings = 0;
			knownRegions = (
				en,
				Base,
			);
			mainGroup = FB133F1223FB49AB00CB7B77;
			productRefGroup = FB133F1C23FB49AB00CB7B77 /* Products */;
			projectDirPath = "";
			projectRoot = "";
			targets = (
				FB133F1A23FB49AB00CB7B77 /* AnimationClass */,
			);
		};
/* End PBXProject section */

/* Begin PBXResourcesBuildPhase section */
		FB133F1923FB49AB00CB7B77 /* Resources */ = {
			isa = PBXResourcesBuildPhase;
			buildActionMask = 2147483647;
			files = (
				FB133F2B23FB49AC00CB7B77 /* LaunchScreen.storyboard in Resources */,
				FB133F2823FB49AC00CB7B77 /* Assets.xcassets in Resources */,
				FB133F2623FB49AB00CB7B77 /* Main.storyboard in Resources */,
			);
			runOnlyForDeploymentPostprocessing = 0;
		};
/* End PBXResourcesBuildPhase section */

/* Begin PBXSourcesBuildPhase section */
		FB133F1723FB49AB00CB7B77 /* Sources */ = {
			isa = PBXSourcesBuildPhase;
			buildActionMask = 2147483647;
			files = (
				FB133F2323FB49AB00CB7B77 /* ViewController.swift in Sources */,
				FB133F1F23FB49AB00CB7B77 /* AppDelegate.swift in Sources */,
				FB133F2123FB49AB00CB7B77 /* SceneDelegate.swift in Sources */,
			);
			runOnlyForDeploymentPostprocessing = 0;
		};
/* End PBXSourcesBuildPhase section */

/* Begin PBXVariantGroup section */
		FB133F2423FB49AB00CB7B77 /* Main.storyboard */ = {
			isa = PBXVariantGroup;
			children = (
				FB133F2523FB49AB00CB7B77 /* Base */,
			);
			name = Main.storyboard;
			sourceTree = "<group>";
		};
		FB133F2923FB49AC00CB7B77 /* LaunchScreen.storyboard */ = {
			isa = PBXVariantGroup;
			children = (
				FB133F2A23FB49AC00CB7B77 /* Base */,
			);
			name = LaunchScreen.storyboard;
			sourceTree = "<group>";
		};
/* End PBXVariantGroup section */

/* Begin XCBuildConfiguration section */
		FB133F2D23FB49AC00CB7B77 /* Debug */ = {
			isa = XCBuildConfiguration;
			buildSettings = {
				ALWAYS_SEARCH_USER_PATHS = NO;
				CLANG_ANALYZER_NONNULL = YES;
				CLANG_ANALYZER_NUMBER_OBJECT_CONVERSION = YES_AGGRESSIVE;
				CLANG_CXX_LANGUAGE_STANDARD = "gnu++14";
				CLANG_CXX_LIBRARY = "libc++";
				CLANG_ENABLE_MODULES = YES;
				CLANG_ENABLE_OBJC_ARC = YES;
				CLANG_ENABLE_OBJC_WEAK = YES;
				CLANG_WARN_BLOCK_CAPTURE_AUTORELEASING = YES;
				CLANG_WARN_BOOL_CONVERSION = YES;
				CLANG_WARN_COMMA = YES;
				CLANG_WARN_CONSTANT_CONVERSION = YES;
				CLANG_WARN_DEPRECATED_OBJC_IMPLEMENTATIONS = YES;
				CLANG_WARN_DIRECT_OBJC_ISA_USAGE = YES_ERROR;
				CLANG_WARN_DOCUMENTATION_COMMENTS = YES;
				CLANG_WARN_EMPTY_BODY = YES;
				CLANG_WARN_ENUM_CONVERSION = YES;
				CLANG_WARN_INFINITE_RECURSION = YES;
				CLANG_WARN_INT_CONVERSION = YES;
				CLANG_WARN_NON_LITERAL_NULL_CONVERSION = YES;
				CLANG_WARN_OBJC_IMPLICIT_RETAIN_SELF = YES;
				CLANG_WARN_OBJC_LITERAL_CONVERSION = YES;
				CLANG_WARN_OBJC_ROOT_CLASS = YES_ERROR;
				CLANG_WARN_RANGE_LOOP_ANALYSIS = YES;
				CLANG_WARN_STRICT_PROTOTYPES = YES;
				CLANG_WARN_SUSPICIOUS_MOVE = YES;
				CLANG_WARN_UNGUARDED_AVAILABILITY = YES_AGGRESSIVE;
				CLANG_WARN_UNREACHABLE_CODE = YES;
				CLANG_WARN__DUPLICATE_METHOD_MATCH = YES;
				COPY_PHASE_STRIP = NO;
				DEBUG_INFORMATION_FORMAT = dwarf;
				ENABLE_STRICT_OBJC_MSGSEND = YES;
				ENABLE_TESTABILITY = YES;
				GCC_C_LANGUAGE_STANDARD = gnu11;
				GCC_DYNAMIC_NO_PIC = NO;
				GCC_NO_COMMON_BLOCKS = YES;
				GCC_OPTIMIZATION_LEVEL = 0;
				GCC_PREPROCESSOR_DEFINITIONS = (
					"DEBUG=1",
					"$(inherited)",
				);
				GCC_WARN_64_TO_32_BIT_CONVERSION = YES;
				GCC_WARN_ABOUT_RETURN_TYPE = YES_ERROR;
				GCC_WARN_UNDECLARED_SELECTOR = YES;
				GCC_WARN_UNINITIALIZED_AUTOS = YES_AGGRESSIVE;
				GCC_WARN_UNUSED_FUNCTION = YES;
				GCC_WARN_UNUSED_VARIABLE = YES;
				IPHONEOS_DEPLOYMENT_TARGET = 13.2;
				MTL_ENABLE_DEBUG_INFO = INCLUDE_SOURCE;
				MTL_FAST_MATH = YES;
				ONLY_ACTIVE_ARCH = YES;
				SDKROOT = iphoneos;
				SWIFT_ACTIVE_COMPILATION_CONDITIONS = DEBUG;
				SWIFT_OPTIMIZATION_LEVEL = "-Onone";
			};
			name = Debug;
		};
		FB133F2E23FB49AC00CB7B77 /* Release */ = {
			isa = XCBuildConfiguration;
			buildSettings = {
				ALWAYS_SEARCH_USER_PATHS = NO;
				CLANG_ANALYZER_NONNULL = YES;
				CLANG_ANALYZER_NUMBER_OBJECT_CONVERSION = YES_AGGRESSIVE;
				CLANG_CXX_LANGUAGE_STANDARD = "gnu++14";
				CLANG_CXX_LIBRARY = "libc++";
				CLANG_ENABLE_MODULES = YES;
				CLANG_ENABLE_OBJC_ARC = YES;
				CLANG_ENABLE_OBJC_WEAK = YES;
				CLANG_WARN_BLOCK_CAPTURE_AUTORELEASING = YES;
				CLANG_WARN_BOOL_CONVERSION = YES;
				CLANG_WARN_COMMA = YES;
				CLANG_WARN_CONSTANT_CONVERSION = YES;
				CLANG_WARN_DEPRECATED_OBJC_IMPLEMENTATIONS = YES;
				CLANG_WARN_DIRECT_OBJC_ISA_USAGE = YES_ERROR;
				CLANG_WARN_DOCUMENTATION_COMMENTS = YES;
				CLANG_WARN_EMPTY_BODY = YES;
				CLANG_WARN_ENUM_CONVERSION = YES;
				CLANG_WARN_INFINITE_RECURSION = YES;
				CLANG_WARN_INT_CONVERSION = YES;
				CLANG_WARN_NON_LITERAL_NULL_CONVERSION = YES;
				CLANG_WARN_OBJC_IMPLICIT_RETAIN_SELF = YES;
				CLANG_WARN_OBJC_LITERAL_CONVERSION = YES;
				CLANG_WARN_OBJC_ROOT_CLASS = YES_ERROR;
				CLANG_WARN_RANGE_LOOP_ANALYSIS = YES;
				CLANG_WARN_STRICT_PROTOTYPES = YES;
				CLANG_WARN_SUSPICIOUS_MOVE = YES;
				CLANG_WARN_UNGUARDED_AVAILABILITY = YES_AGGRESSIVE;
				CLANG_WARN_UNREACHABLE_CODE = YES;
				CLANG_WARN__DUPLICATE_METHOD_MATCH = YES;
				COPY_PHASE_STRIP = NO;
				DEBUG_INFORMATION_FORMAT = "dwarf-with-dsym";
				ENABLE_NS_ASSERTIONS = NO;
				ENABLE_STRICT_OBJC_MSGSEND = YES;
				GCC_C_LANGUAGE_STANDARD = gnu11;
				GCC_NO_COMMON_BLOCKS = YES;
				GCC_WARN_64_TO_32_BIT_CONVERSION = YES;
				GCC_WARN_ABOUT_RETURN_TYPE = YES_ERROR;
				GCC_WARN_UNDECLARED_SELECTOR = YES;
				GCC_WARN_UNINITIALIZED_AUTOS = YES_AGGRESSIVE;
				GCC_WARN_UNUSED_FUNCTION = YES;
				GCC_WARN_UNUSED_VARIABLE = YES;
				IPHONEOS_DEPLOYMENT_TARGET = 13.2;
				MTL_ENABLE_DEBUG_INFO = NO;
				MTL_FAST_MATH = YES;
				SDKROOT = iphoneos;
				SWIFT_COMPILATION_MODE = wholemodule;
				SWIFT_OPTIMIZATION_LEVEL = "-O";
				VALIDATE_PRODUCT = YES;
			};
			name = Release;
		};
		FB133F3023FB49AC00CB7B77 /* Debug */ = {
			isa = XCBuildConfiguration;
			buildSettings = {
				ASSETCATALOG_COMPILER_APPICON_NAME = AppIcon;
				CODE_SIGN_STYLE = Automatic;
				INFOPLIST_FILE = AnimationClass/Info.plist;
				LD_RUNPATH_SEARCH_PATHS = (
					"$(inherited)",
					"@executable_path/Frameworks",
				);
				PRODUCT_BUNDLE_IDENTIFIER = ITESM.AnimationClass;
				PRODUCT_NAME = "$(TARGET_NAME)";
				SWIFT_VERSION = 5.0;
				TARGETED_DEVICE_FAMILY = "1,2";
			};
			name = Debug;
		};
		FB133F3123FB49AC00CB7B77 /* Release */ = {
			isa = XCBuildConfiguration;
			buildSettings = {
				ASSETCATALOG_COMPILER_APPICON_NAME = AppIcon;
				CODE_SIGN_STYLE = Automatic;
				INFOPLIST_FILE = AnimationClass/Info.plist;
				LD_RUNPATH_SEARCH_PATHS = (
					"$(inherited)",
					"@executable_path/Frameworks",
				);
				PRODUCT_BUNDLE_IDENTIFIER = ITESM.AnimationClass;
				PRODUCT_NAME = "$(TARGET_NAME)";
				SWIFT_VERSION = 5.0;
				TARGETED_DEVICE_FAMILY = "1,2";
			};
			name = Release;
		};
/* End XCBuildConfiguration section */

/* Begin XCConfigurationList section */
		FB133F1623FB49AB00CB7B77 /* Build configuration list for PBXProject "AnimationClass" */ = {
			isa = XCConfigurationList;
			buildConfigurations = (
				FB133F2D23FB49AC00CB7B77 /* Debug */,
				FB133F2E23FB49AC00CB7B77 /* Release */,
			);
			defaultConfigurationIsVisible = 0;
			defaultConfigurationName = Release;
		};
		FB133F2F23FB49AC00CB7B77 /* Build configuration list for PBXNativeTarget "AnimationClass" */ = {
			isa = XCConfigurationList;
			buildConfigurations = (
				FB133F3023FB49AC00CB7B77 /* Debug */,
				FB133F3123FB49AC00CB7B77 /* Release */,
			);
			defaultConfigurationIsVisible = 0;
			defaultConfigurationName = Release;
		};
/* End XCConfigurationList section */
	};
	rootObject = FB133F1323FB49AB00CB7B77 /* Project object */;
}
